
Microsoft Visual Studio Solution File, Format Version 12.00
# Visual Studio Version 16
VisualStudioVersion = 16.0.30002.166
MinimumVisualStudioVersion = 10.0.40219.1
Project("{FAE04EC0-301F-11D3-BF4B-00C04F79EFBC}") = "MaximumProblem", "MaximumProblem.csproj", "{787CCD9B-EA9F-4C47-B557-6D623C6930F7}"
EndProject
Project("{FAE04EC0-301F-11D3-BF4B-00C04F79EFBC}") = "MaximumProblemTest", "..\MaximumProblemTest\MaximumProblemTest.csproj", "{760859F3-2D0B-4877-AE47-9D2AA8C3EE7F}"
EndProject
Global
	GlobalSection(SolutionConfigurationPlatforms) = preSolution
		Debug|Any CPU = Debug|Any CPU
		Release|Any CPU = Release|Any CPU
	EndGlobalSection
	GlobalSection(ProjectConfigurationPlatforms) = postSolution
		{787CCD9B-EA9F-4C47-B557-6D623C6930F7}.Debug|Any CPU.ActiveCfg = Debug|Any CPU
		{787CCD9B-EA9F-4C47-B557-6D623C6930F7}.Debug|Any CPU.Build.0 = Debug|Any CPU
		{787CCD9B-EA9F-4C47-B557-6D623C6930F7}.Release|Any CPU.ActiveCfg = Release|Any CPU
		{787CCD9B-EA9F-4C47-B557-6D623C6930F7}.Release|Any CPU.Build.0 = Release|Any CPU
		{760859F3-2D0B-4877-AE47-9D2AA8C3EE7F}.Debug|Any CPU.ActiveCfg = Debug|Any CPU
		{760859F3-2D0B-4877-AE47-9D2AA8C3EE7F}.Debug|Any CPU.Build.0 = Debug|Any CPU
		{760859F3-2D0B-4877-AE47-9D2AA8C3EE7F}.Release|Any CPU.ActiveCfg = Release|Any CPU
		{760859F3-2D0B-4877-AE47-9D2AA8C3EE7F}.Release|Any CPU.Build.0 = Release|Any CPU
	EndGlobalSection
	GlobalSection(SolutionProperties) = preSolution
		HideSolutionNode = FALSE
	EndGlobalSection
	GlobalSection(ExtensibilityGlobals) = postSolution
		SolutionGuid = {4EC04AB6-BE86-47B2-8685-7D8C656104FE}
	EndGlobalSection
EndGlobal
